
Microsoft Visual Studio Solution File, Format Version 12.00
# Visual Studio Version 17
VisualStudioVersion = 17.9.34714.143
MinimumVisualStudioVersion = 10.0.40219.1
Project("{FAE04EC0-301F-11D3-BF4B-00C04F79EFBC}") = "BlazorRenderFragments", "BlazorRenderFragments\BlazorRenderFragments\BlazorRenderFragments.csproj", "{0A614714-658D-436A-817C-0A03E2626909}"
EndProject
Project("{FAE04EC0-301F-11D3-BF4B-00C04F79EFBC}") = "BlazorRenderFragments.Client", "BlazorRenderFragments\BlazorRenderFragments.Client\BlazorRenderFragments.Client.csproj", "{29B8642A-EC5B-42E8-8F86-1F4680239550}"
EndProject
Global
	GlobalSection(SolutionConfigurationPlatforms) = preSolution
		Debug|Any CPU = Debug|Any CPU
		Release|Any CPU = Release|Any CPU
	EndGlobalSection
	GlobalSection(ProjectConfigurationPlatforms) = postSolution
		{0A614714-658D-436A-817C-0A03E2626909}.Debug|Any CPU.ActiveCfg = Debug|Any CPU
		{0A614714-658D-436A-817C-0A03E2626909}.Debug|Any CPU.Build.0 = Debug|Any CPU
		{0A614714-658D-436A-817C-0A03E2626909}.Release|Any CPU.ActiveCfg = Release|Any CPU
		{0A614714-658D-436A-817C-0A03E2626909}.Release|Any CPU.Build.0 = Release|Any CPU
		{29B8642A-EC5B-42E8-8F86-1F4680239550}.Debug|Any CPU.ActiveCfg = Debug|Any CPU
		{29B8642A-EC5B-42E8-8F86-1F4680239550}.Debug|Any CPU.Build.0 = Debug|Any CPU
		{29B8642A-EC5B-42E8-8F86-1F4680239550}.Release|Any CPU.ActiveCfg = Release|Any CPU
		{29B8642A-EC5B-42E8-8F86-1F4680239550}.Release|Any CPU.Build.0 = Release|Any CPU
	EndGlobalSection
	GlobalSection(SolutionProperties) = preSolution
		HideSolutionNode = FALSE
	EndGlobalSection
	GlobalSection(ExtensibilityGlobals) = postSolution
		SolutionGuid = {D64D0AC5-5576-49FF-A9E7-A99DCEBA7037}
	EndGlobalSection
EndGlobal
